{
  "name": "@zoff-tech/zt-bottom-drawer",
  "version": "1.0.16",
  "lockfileVersion": 1,
  "requires": true,
  "dependencies": {
    "@ionic/core": {
      "version": "5.3.2",
      "resolved": "https://registry.npmjs.org/@ionic/core/-/core-5.3.2.tgz",
      "integrity": "sha512-s/SDnS993fnZ3d6EzOlURHBbc2aI2/WsZSsCLgnJz3G+KUO4hY/2RQvdmtl0FZpDHMSyehG6tRgFFXvnFSI9CQ==",
      "requires": {
        "ionicons": "^5.1.2",
        "tslib": "^1.10.0"
      }
    },
    "@stencil/core": {
      "version": "2.0.3",
      "resolved": "https://registry.npmjs.org/@stencil/core/-/core-2.0.3.tgz",
      "integrity": "sha512-d4qLDN7HKwJEK+ljhknD8azpM4bF49Dv7h5yG3RF+SPo8uozDq3p5ZNj1MgZoRgzh04kXNyG/MKnD8H2QN5YVw=="
    },
    "ionicons": {
      "version": "5.1.2",
      "resolved": "https://registry.npmjs.org/ionicons/-/ionicons-5.1.2.tgz",
      "integrity": "sha512-zO7ZgbBbXhpA7cXO2rDzTNdcCqErjg1Sprq/ossTvaiV0MriOjRE7JO3EGvYjDTPzF9YALGpvLXqCgsRT0tprA=="
    },
    "tslib": {
      "version": "1.13.0",
      "resolved": "https://registry.npmjs.org/tslib/-/tslib-1.13.0.tgz",
      "integrity": "sha512-i/6DQjL8Xf3be4K/E6Wgpekn5Qasl1usyw++dAA35Ue5orEn65VIxOA+YvNNl9HV3qv70T7CNwjODHZrLwvd1Q=="
    }
  }
}
