{
  "name": "@zoff-tech/zt-bottom-drawer",
  "version": "1.0.23",
  "lockfileVersion": 1,
  "requires": true,
  "dependencies": {
    "@ionic/core": {
      "version": "5.5.2",
      "resolved": "https://registry.npmjs.org/@ionic/core/-/core-5.5.2.tgz",
      "integrity": "sha512-rOfPj8D5NRWdOYYulNTdKtMAMURfmutDQ3ciA3L7daCooG3MWt2/0siiL6rcZFMxfG7KDxHctuwVwYoC1mPuhg==",
      "requires": {
        "ionicons": "^5.1.2",
        "tslib": "^1.10.0"
      }
    },
    "@stencil/core": {
      "version": "2.3.0",
      "resolved": "https://registry.npmjs.org/@stencil/core/-/core-2.3.0.tgz",
      "integrity": "sha512-VZ/Ox0E1kngcmHbJhHUufuLELi+xG3of3LuRI3X2AMWyE82JUVYlOEsQci/YBZWpfc9BS9I36R88prBew22oew=="
    },
    "ionicons": {
      "version": "5.3.0",
      "resolved": "https://registry.npmjs.org/ionicons/-/ionicons-5.3.0.tgz",
      "integrity": "sha512-HU8g9fnuoBF3GUBXq4GcWYoOZ6mjMRUL2X1s/QyPsbZjGRrwBcsK+I20kxdho+YDPBqa+BQM0h+gzh4H4c9P2A=="
    },
    "tslib": {
      "version": "1.14.1",
      "resolved": "https://registry.npmjs.org/tslib/-/tslib-1.14.1.tgz",
      "integrity": "sha512-Xni35NKzjgMrwevysHTCArtLDpPvye8zV/0E4EyYn43P7/7qvQwPh9BGkHewbMulVntbigmcT7rdX3BNo9wRJg=="
    }
  }
}
