{
  "name": "@zoff-tech/zt-bottom-drawer",
  "version": "2.0.6",
  "lockfileVersion": 1,
  "requires": true,
  "dependencies": {
    "@ionic/core": {
      "version": "5.6.3",
      "resolved": "https://registry.npmjs.org/@ionic/core/-/core-5.6.3.tgz",
      "integrity": "sha512-RPugxDcCwB5rgEh6yR2QDTzblT8BRBktsW6y+VBt62yHRzgEAENEfVyvkADz+CkGAsmZuPmC8OQC2jJrx/fJFA==",
      "requires": {
        "@stencil/core": "^2.4.0",
        "ionicons": "^5.5.1",
        "tslib": "^2.1.0"
      }
    },
    "@stencil/core": {
      "version": "2.5.2",
      "resolved": "https://registry.npmjs.org/@stencil/core/-/core-2.5.2.tgz",
      "integrity": "sha512-bgjPXkSzzg1WnTgVUm6m5ZzpKt602WmA/QljODAW1xVN40OHJdbGblzF/F6MFzqv2c5Cy30CB41arc8qADIdcQ=="
    },
    "ionicons": {
      "version": "5.5.1",
      "resolved": "https://registry.npmjs.org/ionicons/-/ionicons-5.5.1.tgz",
      "integrity": "sha512-1auVisfaXmkmxINer8Q3kJGHP1vSxk86hf7By95eJ+Av9+oBcNuAEBfSe3jaMaGRVxVw8U/2j23MFq7R3c0HPg==",
      "requires": {
        "@stencil/core": "^2.5.0"
      }
    },
    "tslib": {
      "version": "2.1.0",
      "resolved": "https://registry.npmjs.org/tslib/-/tslib-2.1.0.tgz",
      "integrity": "sha512-hcVC3wYEziELGGmEEXue7D75zbwIIVUMWAVbHItGPx0ziyXxrOMQx4rQEVEV45Ut/1IotuEvwqPopzIOkDMf0A=="
    }
  }
}
